DEPENDENCIES
  acme_server
    path: test/cookbooks/acme_server
  certbotssl
    path: .
    metadata: true
  certbotssl_test
    path: test/cookbooks/certbotssl_test
  cron (~> 4.1.3)

GRAPH
  acme_server (0.1.0)
    hostsfile (~> 3.0.1)
    letsencrypt-boulder-server (~> 0.1.2)
  apache2 (5.0.0)
  apt (6.1.3)
  build-essential (8.0.3)
    mingw (>= 1.1)
    seven_zip (>= 0.0.0)
  certbotssl (0.1.0)
    cron (~> 4.1.3)
  certbotssl_test (0.0.1)
    apache2 (>= 0.0.0)
    certbotssl (>= 0.0.0)
  compat_resource (12.19.0)
  cron (4.1.3)
    compat_resource (>= 0.0.0)
  dpkg_autostart (0.2.0)
  erlang (5.1.0)
    build-essential (>= 0.0.0)
    compat_resource (>= 0.0.0)
    yum-epel (>= 0.0.0)
    yum-erlang_solutions (>= 1.0.3)
  golang (1.7.0)
  hostsfile (3.0.1)
  inifile_chef_gem (0.1.0)
    build-essential (>= 0.0.0)
  letsencrypt-boulder-server (0.1.2)
    build-essential (>= 0.0.0)
    golang (>= 0.0.0)
    hostsfile (>= 0.0.0)
    mariadb (>= 0.0.0)
    rabbitmq (>= 0.0.0)
    yum (>= 0.0.0)
  logrotate (2.2.0)
  mariadb (1.5.1)
    apt (>= 0.0.0)
    build-essential (>= 0.0.0)
    selinux_policy (~> 2.0)
    yum (>= 0.0.0)
    yum-epel (>= 0.0.0)
    yum-scl (>= 0.0.0)
  mingw (2.0.1)
    seven_zip (>= 0.0.0)
  ohai (5.2.0)
  rabbitmq (5.2.0)
    dpkg_autostart (>= 0.0.0)
    erlang (>= 0.0.0)
    logrotate (>= 0.0.0)
    yum-epel (>= 0.0.0)
    yum-erlang_solutions (>= 0.0.0)
  selinux_policy (2.0.1)
    compat_resource (>= 12.16.3)
  seven_zip (2.0.2)
    windows (>= 1.2.2)
  windows (3.1.2)
    ohai (>= 4.0.0)
  yum (5.0.1)
  yum-epel (2.1.2)
    compat_resource (>= 12.16.3)
  yum-erlang_solutions (1.0.3)
    compat_resource (>= 12.16.3)
    yum-epel (>= 0.0.0)
  yum-scl (0.2.0)
    inifile_chef_gem (>= 0.0.0)
    yum (>= 0.0.0)
